
Microsoft Visual Studio Solution File, Format Version 12.00
# Visual Studio Version 16
VisualStudioVersion = 16.0.31624.102
MinimumVisualStudioVersion = 10.0.40219.1
Project("{8BC9CEB8-8B4A-11D0-8D11-00A0C91BC942}") = "AlgorithmTopic", "AlgorithmTopic.vcxproj", "{8528D732-7A23-4DAB-A63E-62A04BE27EBF}"
EndProject
Global
	GlobalSection(SolutionConfigurationPlatforms) = preSolution
		Debug|x64 = Debug|x64
		Debug|x86 = Debug|x86
		Release|x64 = Release|x64
		Release|x86 = Release|x86
	EndGlobalSection
	GlobalSection(ProjectConfigurationPlatforms) = postSolution
		{8528D732-7A23-4DAB-A63E-62A04BE27EBF}.Debug|x64.ActiveCfg = Debug|x64
		{8528D732-7A23-4DAB-A63E-62A04BE27EBF}.Debug|x64.Build.0 = Debug|x64
		{8528D732-7A23-4DAB-A63E-62A04BE27EBF}.Debug|x86.ActiveCfg = Debug|Win32
		{8528D732-7A23-4DAB-A63E-62A04BE27EBF}.Debug|x86.Build.0 = Debug|Win32
		{8528D732-7A23-4DAB-A63E-62A04BE27EBF}.Release|x64.ActiveCfg = Release|x64
		{8528D732-7A23-4DAB-A63E-62A04BE27EBF}.Release|x64.Build.0 = Release|x64
		{8528D732-7A23-4DAB-A63E-62A04BE27EBF}.Release|x86.ActiveCfg = Release|Win32
		{8528D732-7A23-4DAB-A63E-62A04BE27EBF}.Release|x86.Build.0 = Release|Win32
	EndGlobalSection
	GlobalSection(SolutionProperties) = preSolution
		HideSolutionNode = FALSE
	EndGlobalSection
	GlobalSection(ExtensibilityGlobals) = postSolution
		SolutionGuid = {0DADCD21-382A-48B0-A694-7FE408B22260}
	EndGlobalSection
EndGlobal
